// !$*UTF8*$!
{
	archiveVersion = 1;
	classes = {
	};
	objectVersion = 50;
	objects = {

/* Begin PBXBuildFile section */
		FE17D0BC25D4F7C300F93BA6 /* Sequence.h in Sources */ = {isa = PBXBuildFile; fileRef = FE17D0BB25D4F7C300F93BA6 /* Sequence.h */; };
		FE17D0C525D4FC6A00F93BA6 /* test.cpp in Sources */ = {isa = PBXBuildFile; fileRef = FE17D0C425D4FC6A00F93BA6 /* test.cpp */; };
		FE17D0C825D75A0D00F93BA6 /* odds.cpp in Sources */ = {isa = PBXBuildFile; fileRef = FE17D0C725D75A0D00F93BA6 /* odds.cpp */; };
		FE17D0CB25D75C2700F93BA6 /* bad.cpp in Sources */ = {isa = PBXBuildFile; fileRef = FE17D0CA25D75C2700F93BA6 /* bad.cpp */; };
		FE4C476525EC2F560076D5BC /* list.cpp in Sources */ = {isa = PBXBuildFile; fileRef = FE4C476425EC2F560076D5BC /* list.cpp */; };
		FE4C476825EE09F90076D5BC /* sorts.cpp in Sources */ = {isa = PBXBuildFile; fileRef = FE4C476725EE09F90076D5BC /* sorts.cpp */; };
/* End PBXBuildFile section */

/* Begin PBXCopyFilesBuildPhase section */
		FE17D0B625D4F7C300F93BA6 /* CopyFiles */ = {
			isa = PBXCopyFilesBuildPhase;
			buildActionMask = 2147483647;
			dstPath = /usr/share/man/man1/;
			dstSubfolderSpec = 0;
			files = (
			);
			runOnlyForDeploymentPostprocessing = 1;
		};
/* End PBXCopyFilesBuildPhase section */

/* Begin PBXFileReference section */
		FE17D0B825D4F7C300F93BA6 /* homework4 */ = {isa = PBXFileReference; explicitFileType = "compiled.mach-o.executable"; includeInIndex = 0; path = homework4; sourceTree = BUILT_PRODUCTS_DIR; };
		FE17D0BB25D4F7C300F93BA6 /* Sequence.h */ = {isa = PBXFileReference; lastKnownFileType = sourcecode.c.h; path = Sequence.h; sourceTree = "<group>"; };
		FE17D0C425D4FC6A00F93BA6 /* test.cpp */ = {isa = PBXFileReference; lastKnownFileType = sourcecode.cpp.cpp; path = test.cpp; sourceTree = "<group>"; };
		FE17D0C725D75A0D00F93BA6 /* odds.cpp */ = {isa = PBXFileReference; lastKnownFileType = sourcecode.cpp.cpp; path = odds.cpp; sourceTree = "<group>"; };
		FE17D0CA25D75C2700F93BA6 /* bad.cpp */ = {isa = PBXFileReference; lastKnownFileType = sourcecode.cpp.cpp; path = bad.cpp; sourceTree = "<group>"; };
		FE4C476425EC2F560076D5BC /* list.cpp */ = {isa = PBXFileReference; lastKnownFileType = sourcecode.cpp.cpp; path = list.cpp; sourceTree = "<group>"; };
		FE4C476725EE09F90076D5BC /* sorts.cpp */ = {isa = PBXFileReference; lastKnownFileType = sourcecode.cpp.cpp; path = sorts.cpp; sourceTree = "<group>"; };
/* End PBXFileReference section */

/* Begin PBXFrameworksBuildPhase section */
		FE17D0B525D4F7C300F93BA6 /* Frameworks */ = {
			isa = PBXFrameworksBuildPhase;
			buildActionMask = 2147483647;
			files = (
			);
			runOnlyForDeploymentPostprocessing = 0;
		};
/* End PBXFrameworksBuildPhase section */

/* Begin PBXGroup section */
		FE17D0AF25D4F7C300F93BA6 = {
			isa = PBXGroup;
			children = (
				FE17D0BA25D4F7C300F93BA6 /* homework4 */,
				FE17D0B925D4F7C300F93BA6 /* Products */,
			);
			sourceTree = "<group>";
		};
		FE17D0B925D4F7C300F93BA6 /* Products */ = {
			isa = PBXGroup;
			children = (
				FE17D0B825D4F7C300F93BA6 /* homework4 */,
			);
			name = Products;
			sourceTree = "<group>";
		};
		FE17D0BA25D4F7C300F93BA6 /* homework4 */ = {
			isa = PBXGroup;
			children = (
				FE17D0BB25D4F7C300F93BA6 /* Sequence.h */,
				FE4C476425EC2F560076D5BC /* list.cpp */,
				FE4C476725EE09F90076D5BC /* sorts.cpp */,
				FE17D0CA25D75C2700F93BA6 /* bad.cpp */,
				FE17D0C725D75A0D00F93BA6 /* odds.cpp */,
				FE17D0C425D4FC6A00F93BA6 /* test.cpp */,
			);
			path = homework4;
			sourceTree = "<group>";
		};
/* End PBXGroup section */

/* Begin PBXNativeTarget section */
		FE17D0B725D4F7C300F93BA6 /* homework4 */ = {
			isa = PBXNativeTarget;
			buildConfigurationList = FE17D0BF25D4F7C300F93BA6 /* Build configuration list for PBXNativeTarget "homework4" */;
			buildPhases = (
				FE17D0B425D4F7C300F93BA6 /* Sources */,
				FE17D0B525D4F7C300F93BA6 /* Frameworks */,
				FE17D0B625D4F7C300F93BA6 /* CopyFiles */,
			);
			buildRules = (
			);
			dependencies = (
			);
			name = homework4;
			productName = homework4;
			productReference = FE17D0B825D4F7C300F93BA6 /* homework4 */;
			productType = "com.apple.product-type.tool";
		};
/* End PBXNativeTarget section */

/* Begin PBXProject section */
		FE17D0B025D4F7C300F93BA6 /* Project object */ = {
			isa = PBXProject;
			attributes = {
				LastUpgradeCheck = 1230;
				TargetAttributes = {
					FE17D0B725D4F7C300F93BA6 = {
						CreatedOnToolsVersion = 12.3;
					};
				};
			};
			buildConfigurationList = FE17D0B325D4F7C300F93BA6 /* Build configuration list for PBXProject "homework4" */;
			compatibilityVersion = "Xcode 9.3";
			developmentRegion = en;
			hasScannedForEncodings = 0;
			knownRegions = (
				en,
				Base,
			);
			mainGroup = FE17D0AF25D4F7C300F93BA6;
			productRefGroup = FE17D0B925D4F7C300F93BA6 /* Products */;
			projectDirPath = "";
			projectRoot = "";
			targets = (
				FE17D0B725D4F7C300F93BA6 /* homework4 */,
			);
		};
/* End PBXProject section */

/* Begin PBXSourcesBuildPhase section */
		FE17D0B425D4F7C300F93BA6 /* Sources */ = {
			isa = PBXSourcesBuildPhase;
			buildActionMask = 2147483647;
			files = (
				FE17D0BC25D4F7C300F93BA6 /* Sequence.h in Sources */,
				FE4C476825EE09F90076D5BC /* sorts.cpp in Sources */,
				FE17D0C525D4FC6A00F93BA6 /* test.cpp in Sources */,
				FE17D0C825D75A0D00F93BA6 /* odds.cpp in Sources */,
				FE4C476525EC2F560076D5BC /* list.cpp in Sources */,
				FE17D0CB25D75C2700F93BA6 /* bad.cpp in Sources */,
			);
			runOnlyForDeploymentPostprocessing = 0;
		};
/* End PBXSourcesBuildPhase section */

/* Begin XCBuildConfiguration section */
		FE17D0BD25D4F7C300F93BA6 /* Debug */ = {
			isa = XCBuildConfiguration;
			buildSettings = {
				ALWAYS_SEARCH_USER_PATHS = NO;
				CLANG_ANALYZER_NONNULL = YES;
				CLANG_ANALYZER_NUMBER_OBJECT_CONVERSION = YES_AGGRESSIVE;
				CLANG_CXX_LANGUAGE_STANDARD = "gnu++14";
				CLANG_CXX_LIBRARY = "libc++";
				CLANG_ENABLE_MODULES = YES;
				CLANG_ENABLE_OBJC_ARC = YES;
				CLANG_ENABLE_OBJC_WEAK = YES;
				CLANG_WARN_BLOCK_CAPTURE_AUTORELEASING = YES;
				CLANG_WARN_BOOL_CONVERSION = YES;
				CLANG_WARN_COMMA = YES;
				CLANG_WARN_CONSTANT_CONVERSION = YES;
				CLANG_WARN_DEPRECATED_OBJC_IMPLEMENTATIONS = YES;
				CLANG_WARN_DIRECT_OBJC_ISA_USAGE = YES_ERROR;
				CLANG_WARN_DOCUMENTATION_COMMENTS = YES;
				CLANG_WARN_EMPTY_BODY = YES;
				CLANG_WARN_ENUM_CONVERSION = YES;
				CLANG_WARN_INFINITE_RECURSION = YES;
				CLANG_WARN_INT_CONVERSION = YES;
				CLANG_WARN_NON_LITERAL_NULL_CONVERSION = YES;
				CLANG_WARN_OBJC_IMPLICIT_RETAIN_SELF = YES;
				CLANG_WARN_OBJC_LITERAL_CONVERSION = YES;
				CLANG_WARN_OBJC_ROOT_CLASS = YES_ERROR;
				CLANG_WARN_QUOTED_INCLUDE_IN_FRAMEWORK_HEADER = YES;
				CLANG_WARN_RANGE_LOOP_ANALYSIS = YES;
				CLANG_WARN_STRICT_PROTOTYPES = YES;
				CLANG_WARN_SUSPICIOUS_MOVE = YES;
				CLANG_WARN_UNGUARDED_AVAILABILITY = YES_AGGRESSIVE;
				CLANG_WARN_UNREACHABLE_CODE = YES;
				CLANG_WARN__DUPLICATE_METHOD_MATCH = YES;
				COPY_PHASE_STRIP = NO;
				DEBUG_INFORMATION_FORMAT = dwarf;
				ENABLE_STRICT_OBJC_MSGSEND = YES;
				ENABLE_TESTABILITY = YES;
				GCC_C_LANGUAGE_STANDARD = gnu11;
				GCC_DYNAMIC_NO_PIC = NO;
				GCC_NO_COMMON_BLOCKS = YES;
				GCC_OPTIMIZATION_LEVEL = 0;
				GCC_PREPROCESSOR_DEFINITIONS = (
					"DEBUG=1",
					"$(inherited)",
				);
				GCC_WARN_64_TO_32_BIT_CONVERSION = YES;
				GCC_WARN_ABOUT_RETURN_TYPE = YES_ERROR;
				GCC_WARN_UNDECLARED_SELECTOR = YES;
				GCC_WARN_UNINITIALIZED_AUTOS = YES_AGGRESSIVE;
				GCC_WARN_UNUSED_FUNCTION = YES;
				GCC_WARN_UNUSED_VARIABLE = YES;
				MACOSX_DEPLOYMENT_TARGET = 10.15;
				MTL_ENABLE_DEBUG_INFO = INCLUDE_SOURCE;
				MTL_FAST_MATH = YES;
				ONLY_ACTIVE_ARCH = YES;
				SDKROOT = macosx;
			};
			name = Debug;
		};
		FE17D0BE25D4F7C300F93BA6 /* Release */ = {
			isa = XCBuildConfiguration;
			buildSettings = {
				ALWAYS_SEARCH_USER_PATHS = NO;
				CLANG_ANALYZER_NONNULL = YES;
				CLANG_ANALYZER_NUMBER_OBJECT_CONVERSION = YES_AGGRESSIVE;
				CLANG_CXX_LANGUAGE_STANDARD = "gnu++14";
				CLANG_CXX_LIBRARY = "libc++";
				CLANG_ENABLE_MODULES = YES;
				CLANG_ENABLE_OBJC_ARC = YES;
				CLANG_ENABLE_OBJC_WEAK = YES;
				CLANG_WARN_BLOCK_CAPTURE_AUTORELEASING = YES;
				CLANG_WARN_BOOL_CONVERSION = YES;
				CLANG_WARN_COMMA = YES;
				CLANG_WARN_CONSTANT_CONVERSION = YES;
				CLANG_WARN_DEPRECATED_OBJC_IMPLEMENTATIONS = YES;
				CLANG_WARN_DIRECT_OBJC_ISA_USAGE = YES_ERROR;
				CLANG_WARN_DOCUMENTATION_COMMENTS = YES;
				CLANG_WARN_EMPTY_BODY = YES;
				CLANG_WARN_ENUM_CONVERSION = YES;
				CLANG_WARN_INFINITE_RECURSION = YES;
				CLANG_WARN_INT_CONVERSION = YES;
				CLANG_WARN_NON_LITERAL_NULL_CONVERSION = YES;
				CLANG_WARN_OBJC_IMPLICIT_RETAIN_SELF = YES;
				CLANG_WARN_OBJC_LITERAL_CONVERSION = YES;
				CLANG_WARN_OBJC_ROOT_CLASS = YES_ERROR;
				CLANG_WARN_QUOTED_INCLUDE_IN_FRAMEWORK_HEADER = YES;
				CLANG_WARN_RANGE_LOOP_ANALYSIS = YES;
				CLANG_WARN_STRICT_PROTOTYPES = YES;
				CLANG_WARN_SUSPICIOUS_MOVE = YES;
				CLANG_WARN_UNGUARDED_AVAILABILITY = YES_AGGRESSIVE;
				CLANG_WARN_UNREACHABLE_CODE = YES;
				CLANG_WARN__DUPLICATE_METHOD_MATCH = YES;
				COPY_PHASE_STRIP = NO;
				DEBUG_INFORMATION_FORMAT = "dwarf-with-dsym";
				ENABLE_NS_ASSERTIONS = NO;
				ENABLE_STRICT_OBJC_MSGSEND = YES;
				GCC_C_LANGUAGE_STANDARD = gnu11;
				GCC_NO_COMMON_BLOCKS = YES;
				GCC_WARN_64_TO_32_BIT_CONVERSION = YES;
				GCC_WARN_ABOUT_RETURN_TYPE = YES_ERROR;
				GCC_WARN_UNDECLARED_SELECTOR = YES;
				GCC_WARN_UNINITIALIZED_AUTOS = YES_AGGRESSIVE;
				GCC_WARN_UNUSED_FUNCTION = YES;
				GCC_WARN_UNUSED_VARIABLE = YES;
				MACOSX_DEPLOYMENT_TARGET = 10.15;
				MTL_ENABLE_DEBUG_INFO = NO;
				MTL_FAST_MATH = YES;
				SDKROOT = macosx;
			};
			name = Release;
		};
		FE17D0C025D4F7C300F93BA6 /* Debug */ = {
			isa = XCBuildConfiguration;
			buildSettings = {
				CODE_SIGN_STYLE = Automatic;
				PRODUCT_NAME = "$(TARGET_NAME)";
			};
			name = Debug;
		};
		FE17D0C125D4F7C300F93BA6 /* Release */ = {
			isa = XCBuildConfiguration;
			buildSettings = {
				CODE_SIGN_STYLE = Automatic;
				PRODUCT_NAME = "$(TARGET_NAME)";
			};
			name = Release;
		};
/* End XCBuildConfiguration section */

/* Begin XCConfigurationList section */
		FE17D0B325D4F7C300F93BA6 /* Build configuration list for PBXProject "homework4" */ = {
			isa = XCConfigurationList;
			buildConfigurations = (
				FE17D0BD25D4F7C300F93BA6 /* Debug */,
				FE17D0BE25D4F7C300F93BA6 /* Release */,
			);
			defaultConfigurationIsVisible = 0;
			defaultConfigurationName = Release;
		};
		FE17D0BF25D4F7C300F93BA6 /* Build configuration list for PBXNativeTarget "homework4" */ = {
			isa = XCConfigurationList;
			buildConfigurations = (
				FE17D0C025D4F7C300F93BA6 /* Debug */,
				FE17D0C125D4F7C300F93BA6 /* Release */,
			);
			defaultConfigurationIsVisible = 0;
			defaultConfigurationName = Release;
		};
/* End XCConfigurationList section */
	};
	rootObject = FE17D0B025D4F7C300F93BA6 /* Project object */;
}
