// !$*UTF8*$!
{
	archiveVersion = 1;
	classes = {
	};
	objectVersion = 50;
	objects = {

/* Begin PBXBuildFile section */
		FED581BF25A7A31400809E7D /* Flatulan.cpp in Sources */ = {isa = PBXBuildFile; fileRef = FED581BD25A7A31400809E7D /* Flatulan.cpp */; };
		FED581C425AA43D400809E7D /* Player.cpp in Sources */ = {isa = PBXBuildFile; fileRef = FED581C225AA43D400809E7D /* Player.cpp */; };
		FED581C725AA44C600809E7D /* globals.h in Sources */ = {isa = PBXBuildFile; fileRef = FED581C625AA44C600809E7D /* globals.h */; };
		FED581CC25AA464300809E7D /* utilities.cpp in Sources */ = {isa = PBXBuildFile; fileRef = FED581CB25AA464300809E7D /* utilities.cpp */; };
		FED581D025AA48E500809E7D /* City.cpp in Sources */ = {isa = PBXBuildFile; fileRef = FED581CE25AA48E500809E7D /* City.cpp */; };
		FED581D525AA49C100809E7D /* Game.cpp in Sources */ = {isa = PBXBuildFile; fileRef = FED581D325AA49C100809E7D /* Game.cpp */; };
		FED581DA25AAC83700809E7D /* History.cpp in Sources */ = {isa = PBXBuildFile; fileRef = FED581D825AAC83700809E7D /* History.cpp */; };
		FEE46FE125A40E2A00CEAF97 /* main.cpp in Sources */ = {isa = PBXBuildFile; fileRef = FEE46FE025A40E2A00CEAF97 /* main.cpp */; };
/* End PBXBuildFile section */

/* Begin PBXCopyFilesBuildPhase section */
		FEE46FDB25A40E2A00CEAF97 /* CopyFiles */ = {
			isa = PBXCopyFilesBuildPhase;
			buildActionMask = 2147483647;
			dstPath = /usr/share/man/man1/;
			dstSubfolderSpec = 0;
			files = (
			);
			runOnlyForDeploymentPostprocessing = 1;
		};
/* End PBXCopyFilesBuildPhase section */

/* Begin PBXFileReference section */
		FED581BD25A7A31400809E7D /* Flatulan.cpp */ = {isa = PBXFileReference; lastKnownFileType = sourcecode.cpp.cpp; path = Flatulan.cpp; sourceTree = "<group>"; };
		FED581BE25A7A31400809E7D /* Flatulan.h */ = {isa = PBXFileReference; lastKnownFileType = sourcecode.c.h; path = Flatulan.h; sourceTree = "<group>"; };
		FED581C225AA43D400809E7D /* Player.cpp */ = {isa = PBXFileReference; lastKnownFileType = sourcecode.cpp.cpp; path = Player.cpp; sourceTree = "<group>"; };
		FED581C325AA43D400809E7D /* Player.h */ = {isa = PBXFileReference; lastKnownFileType = sourcecode.c.h; path = Player.h; sourceTree = "<group>"; };
		FED581C625AA44C600809E7D /* globals.h */ = {isa = PBXFileReference; lastKnownFileType = sourcecode.c.h; path = globals.h; sourceTree = "<group>"; };
		FED581CB25AA464300809E7D /* utilities.cpp */ = {isa = PBXFileReference; lastKnownFileType = sourcecode.cpp.cpp; path = utilities.cpp; sourceTree = "<group>"; };
		FED581CE25AA48E500809E7D /* City.cpp */ = {isa = PBXFileReference; lastKnownFileType = sourcecode.cpp.cpp; path = City.cpp; sourceTree = "<group>"; };
		FED581CF25AA48E500809E7D /* City.h */ = {isa = PBXFileReference; lastKnownFileType = sourcecode.c.h; path = City.h; sourceTree = "<group>"; };
		FED581D325AA49C100809E7D /* Game.cpp */ = {isa = PBXFileReference; lastKnownFileType = sourcecode.cpp.cpp; path = Game.cpp; sourceTree = "<group>"; };
		FED581D425AA49C100809E7D /* Game.h */ = {isa = PBXFileReference; lastKnownFileType = sourcecode.c.h; path = Game.h; sourceTree = "<group>"; };
		FED581D825AAC83700809E7D /* History.cpp */ = {isa = PBXFileReference; lastKnownFileType = sourcecode.cpp.cpp; path = History.cpp; sourceTree = "<group>"; };
		FED581D925AAC83700809E7D /* History.h */ = {isa = PBXFileReference; lastKnownFileType = sourcecode.c.h; path = History.h; sourceTree = "<group>"; };
		FEE46FDD25A40E2A00CEAF97 /* CS32 */ = {isa = PBXFileReference; explicitFileType = "compiled.mach-o.executable"; includeInIndex = 0; path = CS32; sourceTree = BUILT_PRODUCTS_DIR; };
		FEE46FE025A40E2A00CEAF97 /* main.cpp */ = {isa = PBXFileReference; lastKnownFileType = sourcecode.cpp.cpp; path = main.cpp; sourceTree = "<group>"; };
/* End PBXFileReference section */

/* Begin PBXFrameworksBuildPhase section */
		FEE46FDA25A40E2A00CEAF97 /* Frameworks */ = {
			isa = PBXFrameworksBuildPhase;
			buildActionMask = 2147483647;
			files = (
			);
			runOnlyForDeploymentPostprocessing = 0;
		};
/* End PBXFrameworksBuildPhase section */

/* Begin PBXGroup section */
		FEE46FD425A40E2A00CEAF97 = {
			isa = PBXGroup;
			children = (
				FEE46FDF25A40E2A00CEAF97 /* project1 */,
				FEE46FDE25A40E2A00CEAF97 /* Products */,
			);
			sourceTree = "<group>";
		};
		FEE46FDE25A40E2A00CEAF97 /* Products */ = {
			isa = PBXGroup;
			children = (
				FEE46FDD25A40E2A00CEAF97 /* CS32 */,
			);
			name = Products;
			sourceTree = "<group>";
		};
		FEE46FDF25A40E2A00CEAF97 /* project1 */ = {
			isa = PBXGroup;
			children = (
				FEE46FE025A40E2A00CEAF97 /* main.cpp */,
				FED581D825AAC83700809E7D /* History.cpp */,
				FED581D925AAC83700809E7D /* History.h */,
				FED581CE25AA48E500809E7D /* City.cpp */,
				FED581CF25AA48E500809E7D /* City.h */,
				FED581CB25AA464300809E7D /* utilities.cpp */,
				FED581BD25A7A31400809E7D /* Flatulan.cpp */,
				FED581C225AA43D400809E7D /* Player.cpp */,
				FED581C325AA43D400809E7D /* Player.h */,
				FED581BE25A7A31400809E7D /* Flatulan.h */,
				FED581C625AA44C600809E7D /* globals.h */,
				FED581D325AA49C100809E7D /* Game.cpp */,
				FED581D425AA49C100809E7D /* Game.h */,
			);
			path = project1;
			sourceTree = "<group>";
		};
/* End PBXGroup section */

/* Begin PBXNativeTarget section */
		FEE46FDC25A40E2A00CEAF97 /* CS32 */ = {
			isa = PBXNativeTarget;
			buildConfigurationList = FEE46FE425A40E2A00CEAF97 /* Build configuration list for PBXNativeTarget "CS32" */;
			buildPhases = (
				FEE46FD925A40E2A00CEAF97 /* Sources */,
				FEE46FDA25A40E2A00CEAF97 /* Frameworks */,
				FEE46FDB25A40E2A00CEAF97 /* CopyFiles */,
			);
			buildRules = (
			);
			dependencies = (
			);
			name = CS32;
			productName = CS32;
			productReference = FEE46FDD25A40E2A00CEAF97 /* CS32 */;
			productType = "com.apple.product-type.tool";
		};
/* End PBXNativeTarget section */

/* Begin PBXProject section */
		FEE46FD525A40E2A00CEAF97 /* Project object */ = {
			isa = PBXProject;
			attributes = {
				LastUpgradeCheck = 1230;
				TargetAttributes = {
					FEE46FDC25A40E2A00CEAF97 = {
						CreatedOnToolsVersion = 12.3;
					};
				};
			};
			buildConfigurationList = FEE46FD825A40E2A00CEAF97 /* Build configuration list for PBXProject "CS32" */;
			compatibilityVersion = "Xcode 9.3";
			developmentRegion = en;
			hasScannedForEncodings = 0;
			knownRegions = (
				en,
				Base,
			);
			mainGroup = FEE46FD425A40E2A00CEAF97;
			productRefGroup = FEE46FDE25A40E2A00CEAF97 /* Products */;
			projectDirPath = "";
			projectRoot = "";
			targets = (
				FEE46FDC25A40E2A00CEAF97 /* CS32 */,
			);
		};
/* End PBXProject section */

/* Begin PBXSourcesBuildPhase section */
		FEE46FD925A40E2A00CEAF97 /* Sources */ = {
			isa = PBXSourcesBuildPhase;
			buildActionMask = 2147483647;
			files = (
				FED581D025AA48E500809E7D /* City.cpp in Sources */,
				FED581CC25AA464300809E7D /* utilities.cpp in Sources */,
				FED581C725AA44C600809E7D /* globals.h in Sources */,
				FED581BF25A7A31400809E7D /* Flatulan.cpp in Sources */,
				FEE46FE125A40E2A00CEAF97 /* main.cpp in Sources */,
				FED581C425AA43D400809E7D /* Player.cpp in Sources */,
				FED581DA25AAC83700809E7D /* History.cpp in Sources */,
				FED581D525AA49C100809E7D /* Game.cpp in Sources */,
			);
			runOnlyForDeploymentPostprocessing = 0;
		};
/* End PBXSourcesBuildPhase section */

/* Begin XCBuildConfiguration section */
		FEE46FE225A40E2A00CEAF97 /* Debug */ = {
			isa = XCBuildConfiguration;
			buildSettings = {
				ALWAYS_SEARCH_USER_PATHS = NO;
				CLANG_ANALYZER_NONNULL = YES;
				CLANG_ANALYZER_NUMBER_OBJECT_CONVERSION = YES_AGGRESSIVE;
				CLANG_CXX_LANGUAGE_STANDARD = "gnu++14";
				CLANG_CXX_LIBRARY = "libc++";
				CLANG_ENABLE_MODULES = YES;
				CLANG_ENABLE_OBJC_ARC = YES;
				CLANG_ENABLE_OBJC_WEAK = YES;
				CLANG_WARN_BLOCK_CAPTURE_AUTORELEASING = YES;
				CLANG_WARN_BOOL_CONVERSION = YES;
				CLANG_WARN_COMMA = YES;
				CLANG_WARN_CONSTANT_CONVERSION = YES;
				CLANG_WARN_DEPRECATED_OBJC_IMPLEMENTATIONS = YES;
				CLANG_WARN_DIRECT_OBJC_ISA_USAGE = YES_ERROR;
				CLANG_WARN_DOCUMENTATION_COMMENTS = YES;
				CLANG_WARN_EMPTY_BODY = YES;
				CLANG_WARN_ENUM_CONVERSION = YES;
				CLANG_WARN_INFINITE_RECURSION = YES;
				CLANG_WARN_INT_CONVERSION = YES;
				CLANG_WARN_NON_LITERAL_NULL_CONVERSION = YES;
				CLANG_WARN_OBJC_IMPLICIT_RETAIN_SELF = YES;
				CLANG_WARN_OBJC_LITERAL_CONVERSION = YES;
				CLANG_WARN_OBJC_ROOT_CLASS = YES_ERROR;
				CLANG_WARN_QUOTED_INCLUDE_IN_FRAMEWORK_HEADER = YES;
				CLANG_WARN_RANGE_LOOP_ANALYSIS = YES;
				CLANG_WARN_STRICT_PROTOTYPES = YES;
				CLANG_WARN_SUSPICIOUS_MOVE = YES;
				CLANG_WARN_UNGUARDED_AVAILABILITY = YES_AGGRESSIVE;
				CLANG_WARN_UNREACHABLE_CODE = YES;
				CLANG_WARN__DUPLICATE_METHOD_MATCH = YES;
				COPY_PHASE_STRIP = NO;
				DEBUG_INFORMATION_FORMAT = dwarf;
				ENABLE_STRICT_OBJC_MSGSEND = YES;
				ENABLE_TESTABILITY = YES;
				GCC_C_LANGUAGE_STANDARD = gnu11;
				GCC_DYNAMIC_NO_PIC = NO;
				GCC_NO_COMMON_BLOCKS = YES;
				GCC_OPTIMIZATION_LEVEL = 0;
				GCC_PREPROCESSOR_DEFINITIONS = (
					"DEBUG=1",
					"$(inherited)",
				);
				GCC_WARN_64_TO_32_BIT_CONVERSION = YES;
				GCC_WARN_ABOUT_RETURN_TYPE = YES_ERROR;
				GCC_WARN_UNDECLARED_SELECTOR = YES;
				GCC_WARN_UNINITIALIZED_AUTOS = YES_AGGRESSIVE;
				GCC_WARN_UNUSED_FUNCTION = YES;
				GCC_WARN_UNUSED_VARIABLE = YES;
				MACOSX_DEPLOYMENT_TARGET = 10.15;
				MTL_ENABLE_DEBUG_INFO = INCLUDE_SOURCE;
				MTL_FAST_MATH = YES;
				ONLY_ACTIVE_ARCH = YES;
				SDKROOT = macosx;
			};
			name = Debug;
		};
		FEE46FE325A40E2A00CEAF97 /* Release */ = {
			isa = XCBuildConfiguration;
			buildSettings = {
				ALWAYS_SEARCH_USER_PATHS = NO;
				CLANG_ANALYZER_NONNULL = YES;
				CLANG_ANALYZER_NUMBER_OBJECT_CONVERSION = YES_AGGRESSIVE;
				CLANG_CXX_LANGUAGE_STANDARD = "gnu++14";
				CLANG_CXX_LIBRARY = "libc++";
				CLANG_ENABLE_MODULES = YES;
				CLANG_ENABLE_OBJC_ARC = YES;
				CLANG_ENABLE_OBJC_WEAK = YES;
				CLANG_WARN_BLOCK_CAPTURE_AUTORELEASING = YES;
				CLANG_WARN_BOOL_CONVERSION = YES;
				CLANG_WARN_COMMA = YES;
				CLANG_WARN_CONSTANT_CONVERSION = YES;
				CLANG_WARN_DEPRECATED_OBJC_IMPLEMENTATIONS = YES;
				CLANG_WARN_DIRECT_OBJC_ISA_USAGE = YES_ERROR;
				CLANG_WARN_DOCUMENTATION_COMMENTS = YES;
				CLANG_WARN_EMPTY_BODY = YES;
				CLANG_WARN_ENUM_CONVERSION = YES;
				CLANG_WARN_INFINITE_RECURSION = YES;
				CLANG_WARN_INT_CONVERSION = YES;
				CLANG_WARN_NON_LITERAL_NULL_CONVERSION = YES;
				CLANG_WARN_OBJC_IMPLICIT_RETAIN_SELF = YES;
				CLANG_WARN_OBJC_LITERAL_CONVERSION = YES;
				CLANG_WARN_OBJC_ROOT_CLASS = YES_ERROR;
				CLANG_WARN_QUOTED_INCLUDE_IN_FRAMEWORK_HEADER = YES;
				CLANG_WARN_RANGE_LOOP_ANALYSIS = YES;
				CLANG_WARN_STRICT_PROTOTYPES = YES;
				CLANG_WARN_SUSPICIOUS_MOVE = YES;
				CLANG_WARN_UNGUARDED_AVAILABILITY = YES_AGGRESSIVE;
				CLANG_WARN_UNREACHABLE_CODE = YES;
				CLANG_WARN__DUPLICATE_METHOD_MATCH = YES;
				COPY_PHASE_STRIP = NO;
				DEBUG_INFORMATION_FORMAT = "dwarf-with-dsym";
				ENABLE_NS_ASSERTIONS = NO;
				ENABLE_STRICT_OBJC_MSGSEND = YES;
				GCC_C_LANGUAGE_STANDARD = gnu11;
				GCC_NO_COMMON_BLOCKS = YES;
				GCC_WARN_64_TO_32_BIT_CONVERSION = YES;
				GCC_WARN_ABOUT_RETURN_TYPE = YES_ERROR;
				GCC_WARN_UNDECLARED_SELECTOR = YES;
				GCC_WARN_UNINITIALIZED_AUTOS = YES_AGGRESSIVE;
				GCC_WARN_UNUSED_FUNCTION = YES;
				GCC_WARN_UNUSED_VARIABLE = YES;
				MACOSX_DEPLOYMENT_TARGET = 10.15;
				MTL_ENABLE_DEBUG_INFO = NO;
				MTL_FAST_MATH = YES;
				SDKROOT = macosx;
			};
			name = Release;
		};
		FEE46FE525A40E2A00CEAF97 /* Debug */ = {
			isa = XCBuildConfiguration;
			buildSettings = {
				CODE_SIGN_STYLE = Automatic;
				PRODUCT_NAME = "$(TARGET_NAME)";
			};
			name = Debug;
		};
		FEE46FE625A40E2A00CEAF97 /* Release */ = {
			isa = XCBuildConfiguration;
			buildSettings = {
				CODE_SIGN_STYLE = Automatic;
				PRODUCT_NAME = "$(TARGET_NAME)";
			};
			name = Release;
		};
/* End XCBuildConfiguration section */

/* Begin XCConfigurationList section */
		FEE46FD825A40E2A00CEAF97 /* Build configuration list for PBXProject "CS32" */ = {
			isa = XCConfigurationList;
			buildConfigurations = (
				FEE46FE225A40E2A00CEAF97 /* Debug */,
				FEE46FE325A40E2A00CEAF97 /* Release */,
			);
			defaultConfigurationIsVisible = 0;
			defaultConfigurationName = Release;
		};
		FEE46FE425A40E2A00CEAF97 /* Build configuration list for PBXNativeTarget "CS32" */ = {
			isa = XCConfigurationList;
			buildConfigurations = (
				FEE46FE525A40E2A00CEAF97 /* Debug */,
				FEE46FE625A40E2A00CEAF97 /* Release */,
			);
			defaultConfigurationIsVisible = 0;
			defaultConfigurationName = Release;
		};
/* End XCConfigurationList section */
	};
	rootObject = FEE46FD525A40E2A00CEAF97 /* Project object */;
}
